
Microsoft Visual Studio Solution File, Format Version 12.00
# Visual Studio Version 17
VisualStudioVersion = 17.3.32929.385
MinimumVisualStudioVersion = 10.0.40219.1
Project("{FAE04EC0-301F-11D3-BF4B-00C04F79EFBC}") = "Project_WorldCup", "Project_WorldCup\Project_WorldCup.csproj", "{4DF0ECFB-8EDE-466E-ABE1-244A88B9A09A}"
EndProject
Global
	GlobalSection(SolutionConfigurationPlatforms) = preSolution
		Debug|Any CPU = Debug|Any CPU
		Release|Any CPU = Release|Any CPU
	EndGlobalSection
	GlobalSection(ProjectConfigurationPlatforms) = postSolution
		{4DF0ECFB-8EDE-466E-ABE1-244A88B9A09A}.Debug|Any CPU.ActiveCfg = Debug|Any CPU
		{4DF0ECFB-8EDE-466E-ABE1-244A88B9A09A}.Debug|Any CPU.Build.0 = Debug|Any CPU
		{4DF0ECFB-8EDE-466E-ABE1-244A88B9A09A}.Release|Any CPU.ActiveCfg = Release|Any CPU
		{4DF0ECFB-8EDE-466E-ABE1-244A88B9A09A}.Release|Any CPU.Build.0 = Release|Any CPU
	EndGlobalSection
	GlobalSection(SolutionProperties) = preSolution
		HideSolutionNode = FALSE
	EndGlobalSection
	GlobalSection(ExtensibilityGlobals) = postSolution
		SolutionGuid = {E0307679-F458-49CD-999C-38333583177F}
	EndGlobalSection
EndGlobal
