
Microsoft Visual Studio Solution File, Format Version 12.00
# Visual Studio Version 17
VisualStudioVersion = 17.4.33122.133
MinimumVisualStudioVersion = 10.0.40219.1
Project("{FAE04EC0-301F-11D3-BF4B-00C04F79EFBC}") = "SatayTepi", "SatayTepi.csproj", "{A6A2C74B-A046-49CB-89FB-ED791EA68515}"
EndProject
Global
	GlobalSection(SolutionConfigurationPlatforms) = preSolution
		Debug|Any CPU = Debug|Any CPU
		Release|Any CPU = Release|Any CPU
	EndGlobalSection
	GlobalSection(ProjectConfigurationPlatforms) = postSolution
		{A6A2C74B-A046-49CB-89FB-ED791EA68515}.Debug|Any CPU.ActiveCfg = Debug|Any CPU
		{A6A2C74B-A046-49CB-89FB-ED791EA68515}.Debug|Any CPU.Build.0 = Debug|Any CPU
		{A6A2C74B-A046-49CB-89FB-ED791EA68515}.Release|Any CPU.ActiveCfg = Release|Any CPU
		{A6A2C74B-A046-49CB-89FB-ED791EA68515}.Release|Any CPU.Build.0 = Release|Any CPU
	EndGlobalSection
	GlobalSection(SolutionProperties) = preSolution
		HideSolutionNode = FALSE
	EndGlobalSection
	GlobalSection(ExtensibilityGlobals) = postSolution
		SolutionGuid = {4F733C42-20C9-4CF8-8307-F1553AFCCC1C}
	EndGlobalSection
EndGlobal
