
Microsoft Visual Studio Solution File, Format Version 12.00
# Visual Studio Version 17
VisualStudioVersion = 17.4.33103.184
MinimumVisualStudioVersion = 10.0.40219.1
Project("{FAE04EC0-301F-11D3-BF4B-00C04F79EFBC}") = "Assignment4", "Assignment4\Assignment4.csproj", "{60A045C2-D18E-4204-9CF5-24D57FC4CD7B}"
EndProject
Global
	GlobalSection(SolutionConfigurationPlatforms) = preSolution
		Debug|Any CPU = Debug|Any CPU
		Release|Any CPU = Release|Any CPU
	EndGlobalSection
	GlobalSection(ProjectConfigurationPlatforms) = postSolution
		{60A045C2-D18E-4204-9CF5-24D57FC4CD7B}.Debug|Any CPU.ActiveCfg = Debug|Any CPU
		{60A045C2-D18E-4204-9CF5-24D57FC4CD7B}.Debug|Any CPU.Build.0 = Debug|Any CPU
		{60A045C2-D18E-4204-9CF5-24D57FC4CD7B}.Release|Any CPU.ActiveCfg = Release|Any CPU
		{60A045C2-D18E-4204-9CF5-24D57FC4CD7B}.Release|Any CPU.Build.0 = Release|Any CPU
	EndGlobalSection
	GlobalSection(SolutionProperties) = preSolution
		HideSolutionNode = FALSE
	EndGlobalSection
	GlobalSection(ExtensibilityGlobals) = postSolution
		SolutionGuid = {E00BA949-530D-454C-A413-1D337682A9FE}
	EndGlobalSection
EndGlobal
